
Microsoft Visual Studio Solution File, Format Version 12.00
# Visual Studio Version 17
VisualStudioVersion = 17.14.36705.20 d17.14
MinimumVisualStudioVersion = 10.0.40219.1
Project("{FAE04EC0-301F-11D3-BF4B-00C04F79EFBC}") = "RestaurantManagement", "RestaurantManagement\RestaurantManagement.csproj", "{4ED29598-5E06-4D5F-8B1A-77C92AEE808B}"
EndProject
Global
	GlobalSection(SolutionConfigurationPlatforms) = preSolution
		Debug|Any CPU = Debug|Any CPU
		Release|Any CPU = Release|Any CPU
	EndGlobalSection
	GlobalSection(ProjectConfigurationPlatforms) = postSolution
		{4ED29598-5E06-4D5F-8B1A-77C92AEE808B}.Debug|Any CPU.ActiveCfg = Debug|Any CPU
		{4ED29598-5E06-4D5F-8B1A-77C92AEE808B}.Debug|Any CPU.Build.0 = Debug|Any CPU
		{4ED29598-5E06-4D5F-8B1A-77C92AEE808B}.Release|Any CPU.ActiveCfg = Release|Any CPU
		{4ED29598-5E06-4D5F-8B1A-77C92AEE808B}.Release|Any CPU.Build.0 = Release|Any CPU
	EndGlobalSection
	GlobalSection(SolutionProperties) = preSolution
		HideSolutionNode = FALSE
	EndGlobalSection
	GlobalSection(ExtensibilityGlobals) = postSolution
		SolutionGuid = {FC0C41F3-BDBD-453B-A87A-F693676EC4BA}
	EndGlobalSection
EndGlobal
